// !$*UTF8*$!
{
	archiveVersion = 1;
	classes = {
	};
	objectVersion = 46;
	objects = {

/* Begin PBXBuildFile section */
		D8DEAACF1A5B3FCB0081394B /* main.m in Sources */ = {isa = PBXBuildFile; fileRef = D8DEAACE1A5B3FCB0081394B /* main.m */; };
		D8DEAAD21A5B3FCB0081394B /* AppDelegate.m in Sources */ = {isa = PBXBuildFile; fileRef = D8DEAAD11A5B3FCB0081394B /* AppDelegate.m */; };
		D8DEAAD51A5B3FCB0081394B /* ViewController.m in Sources */ = {isa = PBXBuildFile; fileRef = D8DEAAD41A5B3FCB0081394B /* ViewController.m */; };
		D8DEAAD81A5B3FCB0081394B /* Main.storyboard in Resources */ = {isa = PBXBuildFile; fileRef = D8DEAAD61A5B3FCB0081394B /* Main.storyboard */; };
		D8DEAADA1A5B3FCB0081394B /* Images.xcassets in Resources */ = {isa = PBXBuildFile; fileRef = D8DEAAD91A5B3FCB0081394B /* Images.xcassets */; };
		D8DEAADD1A5B3FCB0081394B /* LaunchScreen.xib in Resources */ = {isa = PBXBuildFile; fileRef = D8DEAADB1A5B3FCB0081394B /* LaunchScreen.xib */; };
		D8DEAAE91A5B3FCB0081394B /* UITableViewController_Challenge_SolutionTests.m in Sources */ = {isa = PBXBuildFile; fileRef = D8DEAAE81A5B3FCB0081394B /* UITableViewController_Challenge_SolutionTests.m */; };
/* End PBXBuildFile section */

/* Begin PBXContainerItemProxy section */
		D8DEAAE31A5B3FCB0081394B /* PBXContainerItemProxy */ = {
			isa = PBXContainerItemProxy;
			containerPortal = D8DEAAC11A5B3FCB0081394B /* Project object */;
			proxyType = 1;
			remoteGlobalIDString = D8DEAAC81A5B3FCB0081394B;
			remoteInfo = "UITableViewController Challenge Solution";
		};
/* End PBXContainerItemProxy section */

/* Begin PBXFileReference section */
		D8DEAAC91A5B3FCB0081394B /* UITableViewController Challenge Solution.app */ = {isa = PBXFileReference; explicitFileType = wrapper.application; includeInIndex = 0; path = "UITableViewController Challenge Solution.app"; sourceTree = BUILT_PRODUCTS_DIR; };
		D8DEAACD1A5B3FCB0081394B /* Info.plist */ = {isa = PBXFileReference; lastKnownFileType = text.plist.xml; path = Info.plist; sourceTree = "<group>"; };
		D8DEAACE1A5B3FCB0081394B /* main.m */ = {isa = PBXFileReference; lastKnownFileType = sourcecode.c.objc; path = main.m; sourceTree = "<group>"; };
		D8DEAAD01A5B3FCB0081394B /* AppDelegate.h */ = {isa = PBXFileReference; lastKnownFileType = sourcecode.c.h; path = AppDelegate.h; sourceTree = "<group>"; };
		D8DEAAD11A5B3FCB0081394B /* AppDelegate.m */ = {isa = PBXFileReference; lastKnownFileType = sourcecode.c.objc; path = AppDelegate.m; sourceTree = "<group>"; };
		D8DEAAD31A5B3FCB0081394B /* ViewController.h */ = {isa = PBXFileReference; lastKnownFileType = sourcecode.c.h; path = ViewController.h; sourceTree = "<group>"; };
		D8DEAAD41A5B3FCB0081394B /* ViewController.m */ = {isa = PBXFileReference; lastKnownFileType = sourcecode.c.objc; path = ViewController.m; sourceTree = "<group>"; };
		D8DEAAD71A5B3FCB0081394B /* Base */ = {isa = PBXFileReference; lastKnownFileType = file.storyboard; name = Base; path = Base.lproj/Main.storyboard; sourceTree = "<group>"; };
		D8DEAAD91A5B3FCB0081394B /* Images.xcassets */ = {isa = PBXFileReference; lastKnownFileType = folder.assetcatalog; path = Images.xcassets; sourceTree = "<group>"; };
		D8DEAADC1A5B3FCB0081394B /* Base */ = {isa = PBXFileReference; lastKnownFileType = file.xib; name = Base; path = Base.lproj/LaunchScreen.xib; sourceTree = "<group>"; };
		D8DEAAE21A5B3FCB0081394B /* UITableViewController Challenge SolutionTests.xctest */ = {isa = PBXFileReference; explicitFileType = wrapper.cfbundle; includeInIndex = 0; path = "UITableViewController Challenge SolutionTests.xctest"; sourceTree = BUILT_PRODUCTS_DIR; };
		D8DEAAE71A5B3FCB0081394B /* Info.plist */ = {isa = PBXFileReference; lastKnownFileType = text.plist.xml; path = Info.plist; sourceTree = "<group>"; };
		D8DEAAE81A5B3FCB0081394B /* UITableViewController_Challenge_SolutionTests.m */ = {isa = PBXFileReference; lastKnownFileType = sourcecode.c.objc; path = UITableViewController_Challenge_SolutionTests.m; sourceTree = "<group>"; };
/* End PBXFileReference section */

/* Begin PBXFrameworksBuildPhase section */
		D8DEAAC61A5B3FCB0081394B /* Frameworks */ = {
			isa = PBXFrameworksBuildPhase;
			buildActionMask = 2147483647;
			files = (
			);
			runOnlyForDeploymentPostprocessing = 0;
		};
		D8DEAADF1A5B3FCB0081394B /* Frameworks */ = {
			isa = PBXFrameworksBuildPhase;
			buildActionMask = 2147483647;
			files = (
			);
			runOnlyForDeploymentPostprocessing = 0;
		};
/* End PBXFrameworksBuildPhase section */

/* Begin PBXGroup section */
		D8DEAAC01A5B3FCB0081394B = {
			isa = PBXGroup;
			children = (
				D8DEAACB1A5B3FCB0081394B /* UITableViewController Challenge Solution */,
				D8DEAAE51A5B3FCB0081394B /* UITableViewController Challenge SolutionTests */,
				D8DEAACA1A5B3FCB0081394B /* Products */,
			);
			sourceTree = "<group>";
		};
		D8DEAACA1A5B3FCB0081394B /* Products */ = {
			isa = PBXGroup;
			children = (
				D8DEAAC91A5B3FCB0081394B /* UITableViewController Challenge Solution.app */,
				D8DEAAE21A5B3FCB0081394B /* UITableViewController Challenge SolutionTests.xctest */,
			);
			name = Products;
			sourceTree = "<group>";
		};
		D8DEAACB1A5B3FCB0081394B /* UITableViewController Challenge Solution */ = {
			isa = PBXGroup;
			children = (
				D8DEAAD01A5B3FCB0081394B /* AppDelegate.h */,
				D8DEAAD11A5B3FCB0081394B /* AppDelegate.m */,
				D8DEAAD31A5B3FCB0081394B /* ViewController.h */,
				D8DEAAD41A5B3FCB0081394B /* ViewController.m */,
				D8DEAAD61A5B3FCB0081394B /* Main.storyboard */,
				D8DEAAD91A5B3FCB0081394B /* Images.xcassets */,
				D8DEAADB1A5B3FCB0081394B /* LaunchScreen.xib */,
				D8DEAACC1A5B3FCB0081394B /* Supporting Files */,
			);
			path = "UITableViewController Challenge Solution";
			sourceTree = "<group>";
		};
		D8DEAACC1A5B3FCB0081394B /* Supporting Files */ = {
			isa = PBXGroup;
			children = (
				D8DEAACD1A5B3FCB0081394B /* Info.plist */,
				D8DEAACE1A5B3FCB0081394B /* main.m */,
			);
			name = "Supporting Files";
			sourceTree = "<group>";
		};
		D8DEAAE51A5B3FCB0081394B /* UITableViewController Challenge SolutionTests */ = {
			isa = PBXGroup;
			children = (
				D8DEAAE81A5B3FCB0081394B /* UITableViewController_Challenge_SolutionTests.m */,
				D8DEAAE61A5B3FCB0081394B /* Supporting Files */,
			);
			path = "UITableViewController Challenge SolutionTests";
			sourceTree = "<group>";
		};
		D8DEAAE61A5B3FCB0081394B /* Supporting Files */ = {
			isa = PBXGroup;
			children = (
				D8DEAAE71A5B3FCB0081394B /* Info.plist */,
			);
			name = "Supporting Files";
			sourceTree = "<group>";
		};
/* End PBXGroup section */

/* Begin PBXNativeTarget section */
		D8DEAAC81A5B3FCB0081394B /* UITableViewController Challenge Solution */ = {
			isa = PBXNativeTarget;
			buildConfigurationList = D8DEAAEC1A5B3FCB0081394B /* Build configuration list for PBXNativeTarget "UITableViewController Challenge Solution" */;
			buildPhases = (
				D8DEAAC51A5B3FCB0081394B /* Sources */,
				D8DEAAC61A5B3FCB0081394B /* Frameworks */,
				D8DEAAC71A5B3FCB0081394B /* Resources */,
			);
			buildRules = (
			);
			dependencies = (
			);
			name = "UITableViewController Challenge Solution";
			productName = "UITableViewController Challenge Solution";
			productReference = D8DEAAC91A5B3FCB0081394B /* UITableViewController Challenge Solution.app */;
			productType = "com.apple.product-type.application";
		};
		D8DEAAE11A5B3FCB0081394B /* UITableViewController Challenge SolutionTests */ = {
			isa = PBXNativeTarget;
			buildConfigurationList = D8DEAAEF1A5B3FCB0081394B /* Build configuration list for PBXNativeTarget "UITableViewController Challenge SolutionTests" */;
			buildPhases = (
				D8DEAADE1A5B3FCB0081394B /* Sources */,
				D8DEAADF1A5B3FCB0081394B /* Frameworks */,
				D8DEAAE01A5B3FCB0081394B /* Resources */,
			);
			buildRules = (
			);
			dependencies = (
				D8DEAAE41A5B3FCB0081394B /* PBXTargetDependency */,
			);
			name = "UITableViewController Challenge SolutionTests";
			productName = "UITableViewController Challenge SolutionTests";
			productReference = D8DEAAE21A5B3FCB0081394B /* UITableViewController Challenge SolutionTests.xctest */;
			productType = "com.apple.product-type.bundle.unit-test";
		};
/* End PBXNativeTarget section */

/* Begin PBXProject section */
		D8DEAAC11A5B3FCB0081394B /* Project object */ = {
			isa = PBXProject;
			attributes = {
				LastUpgradeCheck = 0610;
				ORGANIZATIONNAME = "Libi Studio";
				TargetAttributes = {
					D8DEAAC81A5B3FCB0081394B = {
						CreatedOnToolsVersion = 6.1.1;
					};
					D8DEAAE11A5B3FCB0081394B = {
						CreatedOnToolsVersion = 6.1.1;
						TestTargetID = D8DEAAC81A5B3FCB0081394B;
					};
				};
			};
			buildConfigurationList = D8DEAAC41A5B3FCB0081394B /* Build configuration list for PBXProject "UITableViewController Challenge Solution" */;
			compatibilityVersion = "Xcode 3.2";
			developmentRegion = English;
			hasScannedForEncodings = 0;
			knownRegions = (
				en,
				Base,
			);
			mainGroup = D8DEAAC01A5B3FCB0081394B;
			productRefGroup = D8DEAACA1A5B3FCB0081394B /* Products */;
			projectDirPath = "";
			projectRoot = "";
			targets = (
				D8DEAAC81A5B3FCB0081394B /* UITableViewController Challenge Solution */,
				D8DEAAE11A5B3FCB0081394B /* UITableViewController Challenge SolutionTests */,
			);
		};
/* End PBXProject section */

/* Begin PBXResourcesBuildPhase section */
		D8DEAAC71A5B3FCB0081394B /* Resources */ = {
			isa = PBXResourcesBuildPhase;
			buildActionMask = 2147483647;
			files = (
				D8DEAAD81A5B3FCB0081394B /* Main.storyboard in Resources */,
				D8DEAADD1A5B3FCB0081394B /* LaunchScreen.xib in Resources */,
				D8DEAADA1A5B3FCB0081394B /* Images.xcassets in Resources */,
			);
			runOnlyForDeploymentPostprocessing = 0;
		};
		D8DEAAE01A5B3FCB0081394B /* Resources */ = {
			isa = PBXResourcesBuildPhase;
			buildActionMask = 2147483647;
			files = (
			);
			runOnlyForDeploymentPostprocessing = 0;
		};
/* End PBXResourcesBuildPhase section */

/* Begin PBXSourcesBuildPhase section */
		D8DEAAC51A5B3FCB0081394B /* Sources */ = {
			isa = PBXSourcesBuildPhase;
			buildActionMask = 2147483647;
			files = (
				D8DEAAD51A5B3FCB0081394B /* ViewController.m in Sources */,
				D8DEAAD21A5B3FCB0081394B /* AppDelegate.m in Sources */,
				D8DEAACF1A5B3FCB0081394B /* main.m in Sources */,
			);
			runOnlyForDeploymentPostprocessing = 0;
		};
		D8DEAADE1A5B3FCB0081394B /* Sources */ = {
			isa = PBXSourcesBuildPhase;
			buildActionMask = 2147483647;
			files = (
				D8DEAAE91A5B3FCB0081394B /* UITableViewController_Challenge_SolutionTests.m in Sources */,
			);
			runOnlyForDeploymentPostprocessing = 0;
		};
/* End PBXSourcesBuildPhase section */

/* Begin PBXTargetDependency section */
		D8DEAAE41A5B3FCB0081394B /* PBXTargetDependency */ = {
			isa = PBXTargetDependency;
			target = D8DEAAC81A5B3FCB0081394B /* UITableViewController Challenge Solution */;
			targetProxy = D8DEAAE31A5B3FCB0081394B /* PBXContainerItemProxy */;
		};
/* End PBXTargetDependency section */

/* Begin PBXVariantGroup section */
		D8DEAAD61A5B3FCB0081394B /* Main.storyboard */ = {
			isa = PBXVariantGroup;
			children = (
				D8DEAAD71A5B3FCB0081394B /* Base */,
			);
			name = Main.storyboard;
			sourceTree = "<group>";
		};
		D8DEAADB1A5B3FCB0081394B /* LaunchScreen.xib */ = {
			isa = PBXVariantGroup;
			children = (
				D8DEAADC1A5B3FCB0081394B /* Base */,
			);
			name = LaunchScreen.xib;
			sourceTree = "<group>";
		};
/* End PBXVariantGroup section */

/* Begin XCBuildConfiguration section */
		D8DEAAEA1A5B3FCB0081394B /* Debug */ = {
			isa = XCBuildConfiguration;
			buildSettings = {
				ALWAYS_SEARCH_USER_PATHS = NO;
				CLANG_CXX_LANGUAGE_STANDARD = "gnu++0x";
				CLANG_CXX_LIBRARY = "libc++";
				CLANG_ENABLE_MODULES = YES;
				CLANG_ENABLE_OBJC_ARC = YES;
				CLANG_WARN_BOOL_CONVERSION = YES;
				CLANG_WARN_CONSTANT_CONVERSION = YES;
				CLANG_WARN_DIRECT_OBJC_ISA_USAGE = YES_ERROR;
				CLANG_WARN_EMPTY_BODY = YES;
				CLANG_WARN_ENUM_CONVERSION = YES;
				CLANG_WARN_INT_CONVERSION = YES;
				CLANG_WARN_OBJC_ROOT_CLASS = YES_ERROR;
				CLANG_WARN_UNREACHABLE_CODE = YES;
				CLANG_WARN__DUPLICATE_METHOD_MATCH = YES;
				"CODE_SIGN_IDENTITY[sdk=iphoneos*]" = "iPhone Developer";
				COPY_PHASE_STRIP = NO;
				ENABLE_STRICT_OBJC_MSGSEND = YES;
				GCC_C_LANGUAGE_STANDARD = gnu99;
				GCC_DYNAMIC_NO_PIC = NO;
				GCC_OPTIMIZATION_LEVEL = 0;
				GCC_PREPROCESSOR_DEFINITIONS = (
					"DEBUG=1",
					"$(inherited)",
				);
				GCC_SYMBOLS_PRIVATE_EXTERN = NO;
				GCC_WARN_64_TO_32_BIT_CONVERSION = YES;
				GCC_WARN_ABOUT_RETURN_TYPE = YES_ERROR;
				GCC_WARN_UNDECLARED_SELECTOR = YES;
				GCC_WARN_UNINITIALIZED_AUTOS = YES_AGGRESSIVE;
				GCC_WARN_UNUSED_FUNCTION = YES;
				GCC_WARN_UNUSED_VARIABLE = YES;
				IPHONEOS_DEPLOYMENT_TARGET = 8.1;
				MTL_ENABLE_DEBUG_INFO = YES;
				ONLY_ACTIVE_ARCH = YES;
				SDKROOT = iphoneos;
			};
			name = Debug;
		};
		D8DEAAEB1A5B3FCB0081394B /* Release */ = {
			isa = XCBuildConfiguration;
			buildSettings = {
				ALWAYS_SEARCH_USER_PATHS = NO;
				CLANG_CXX_LANGUAGE_STANDARD = "gnu++0x";
				CLANG_CXX_LIBRARY = "libc++";
				CLANG_ENABLE_MODULES = YES;
				CLANG_ENABLE_OBJC_ARC = YES;
				CLANG_WARN_BOOL_CONVERSION = YES;
				CLANG_WARN_CONSTANT_CONVERSION = YES;
				CLANG_WARN_DIRECT_OBJC_ISA_USAGE = YES_ERROR;
				CLANG_WARN_EMPTY_BODY = YES;
				CLANG_WARN_ENUM_CONVERSION = YES;
				CLANG_WARN_INT_CONVERSION = YES;
				CLANG_WARN_OBJC_ROOT_CLASS = YES_ERROR;
				CLANG_WARN_UNREACHABLE_CODE = YES;
				CLANG_WARN__DUPLICATE_METHOD_MATCH = YES;
				"CODE_SIGN_IDENTITY[sdk=iphoneos*]" = "iPhone Developer";
				COPY_PHASE_STRIP = YES;
				ENABLE_NS_ASSERTIONS = NO;
				ENABLE_STRICT_OBJC_MSGSEND = YES;
				GCC_C_LANGUAGE_STANDARD = gnu99;
				GCC_WARN_64_TO_32_BIT_CONVERSION = YES;
				GCC_WARN_ABOUT_RETURN_TYPE = YES_ERROR;
				GCC_WARN_UNDECLARED_SELECTOR = YES;
				GCC_WARN_UNINITIALIZED_AUTOS = YES_AGGRESSIVE;
				GCC_WARN_UNUSED_FUNCTION = YES;
				GCC_WARN_UNUSED_VARIABLE = YES;
				IPHONEOS_DEPLOYMENT_TARGET = 8.1;
				MTL_ENABLE_DEBUG_INFO = NO;
				SDKROOT = iphoneos;
				VALIDATE_PRODUCT = YES;
			};
			name = Release;
		};
		D8DEAAED1A5B3FCB0081394B /* Debug */ = {
			isa = XCBuildConfiguration;
			buildSettings = {
				ASSETCATALOG_COMPILER_APPICON_NAME = AppIcon;
				INFOPLIST_FILE = "UITableViewController Challenge Solution/Info.plist";
				LD_RUNPATH_SEARCH_PATHS = "$(inherited) @executable_path/Frameworks";
				PRODUCT_NAME = "$(TARGET_NAME)";
			};
			name = Debug;
		};
		D8DEAAEE1A5B3FCB0081394B /* Release */ = {
			isa = XCBuildConfiguration;
			buildSettings = {
				ASSETCATALOG_COMPILER_APPICON_NAME = AppIcon;
				INFOPLIST_FILE = "UITableViewController Challenge Solution/Info.plist";
				LD_RUNPATH_SEARCH_PATHS = "$(inherited) @executable_path/Frameworks";
				PRODUCT_NAME = "$(TARGET_NAME)";
			};
			name = Release;
		};
		D8DEAAF01A5B3FCB0081394B /* Debug */ = {
			isa = XCBuildConfiguration;
			buildSettings = {
				BUNDLE_LOADER = "$(TEST_HOST)";
				FRAMEWORK_SEARCH_PATHS = (
					"$(SDKROOT)/Developer/Library/Frameworks",
					"$(inherited)",
				);
				GCC_PREPROCESSOR_DEFINITIONS = (
					"DEBUG=1",
					"$(inherited)",
				);
				INFOPLIST_FILE = "UITableViewController Challenge SolutionTests/Info.plist";
				LD_RUNPATH_SEARCH_PATHS = "$(inherited) @executable_path/Frameworks @loader_path/Frameworks";
				PRODUCT_NAME = "$(TARGET_NAME)";
				TEST_HOST = "$(BUILT_PRODUCTS_DIR)/UITableViewController Challenge Solution.app/UITableViewController Challenge Solution";
			};
			name = Debug;
		};
		D8DEAAF11A5B3FCB0081394B /* Release */ = {
			isa = XCBuildConfiguration;
			buildSettings = {
				BUNDLE_LOADER = "$(TEST_HOST)";
				FRAMEWORK_SEARCH_PATHS = (
					"$(SDKROOT)/Developer/Library/Frameworks",
					"$(inherited)",
				);
				INFOPLIST_FILE = "UITableViewController Challenge SolutionTests/Info.plist";
				LD_RUNPATH_SEARCH_PATHS = "$(inherited) @executable_path/Frameworks @loader_path/Frameworks";
				PRODUCT_NAME = "$(TARGET_NAME)";
				TEST_HOST = "$(BUILT_PRODUCTS_DIR)/UITableViewController Challenge Solution.app/UITableViewController Challenge Solution";
			};
			name = Release;
		};
/* End XCBuildConfiguration section */

/* Begin XCConfigurationList section */
		D8DEAAC41A5B3FCB0081394B /* Build configuration list for PBXProject "UITableViewController Challenge Solution" */ = {
			isa = XCConfigurationList;
			buildConfigurations = (
				D8DEAAEA1A5B3FCB0081394B /* Debug */,
				D8DEAAEB1A5B3FCB0081394B /* Release */,
			);
			defaultConfigurationIsVisible = 0;
			defaultConfigurationName = Release;
		};
		D8DEAAEC1A5B3FCB0081394B /* Build configuration list for PBXNativeTarget "UITableViewController Challenge Solution" */ = {
			isa = XCConfigurationList;
			buildConfigurations = (
				D8DEAAED1A5B3FCB0081394B /* Debug */,
				D8DEAAEE1A5B3FCB0081394B /* Release */,
			);
			defaultConfigurationIsVisible = 0;
		};
		D8DEAAEF1A5B3FCB0081394B /* Build configuration list for PBXNativeTarget "UITableViewController Challenge SolutionTests" */ = {
			isa = XCConfigurationList;
			buildConfigurations = (
				D8DEAAF01A5B3FCB0081394B /* Debug */,
				D8DEAAF11A5B3FCB0081394B /* Release */,
			);
			defaultConfigurationIsVisible = 0;
		};
/* End XCConfigurationList section */
	};
	rootObject = D8DEAAC11A5B3FCB0081394B /* Project object */;
}
